
Microsoft Visual Studio Solution File, Format Version 12.00
# Visual Studio 15
VisualStudioVersion = 15.0.28307.1340
MinimumVisualStudioVersion = 10.0.40219.1
Project("{8BC9CEB8-8B4A-11D0-8D11-00A0C91BC942}") = "JumaEngine", "JumaEngine\JumaEngine.vcxproj", "{8C42F6C3-82AA-4F8D-BCEF-B555F3AB562D}"
EndProject
Global
	GlobalSection(SolutionConfigurationPlatforms) = preSolution
		Debug|x64 = Debug|x64
		Release|x64 = Release|x64
	EndGlobalSection
	GlobalSection(ProjectConfigurationPlatforms) = postSolution
		{8C42F6C3-82AA-4F8D-BCEF-B555F3AB562D}.Debug|x64.ActiveCfg = Debug|x64
		{8C42F6C3-82AA-4F8D-BCEF-B555F3AB562D}.Debug|x64.Build.0 = Debug|x64
		{8C42F6C3-82AA-4F8D-BCEF-B555F3AB562D}.Release|x64.ActiveCfg = Release|x64
		{8C42F6C3-82AA-4F8D-BCEF-B555F3AB562D}.Release|x64.Build.0 = Release|x64
	EndGlobalSection
	GlobalSection(SolutionProperties) = preSolution
		HideSolutionNode = FALSE
	EndGlobalSection
	GlobalSection(ExtensibilityGlobals) = postSolution
		SolutionGuid = {5D40276E-A247-4664-8237-93D7B59CB012}
	EndGlobalSection
EndGlobal
